// !$*UTF8*$!
{
	archiveVersion = 1;
	classes = {
	};
	objectVersion = 55;
	objects = {

/* Begin PBXBuildFile section */
		6D72646C276C679B006B7BA6 /* Tests_iOS.swift in Sources */ = {isa = PBXBuildFile; fileRef = 6D72646B276C679B006B7BA6 /* Tests_iOS.swift */; };
		6D72646E276C679B006B7BA6 /* Tests_iOSLaunchTests.swift in Sources */ = {isa = PBXBuildFile; fileRef = 6D72646D276C679B006B7BA6 /* Tests_iOSLaunchTests.swift */; };
		6D726478276C679B006B7BA6 /* Tests_macOS.swift in Sources */ = {isa = PBXBuildFile; fileRef = 6D726477276C679B006B7BA6 /* Tests_macOS.swift */; };
		6D72647A276C679B006B7BA6 /* Tests_macOSLaunchTests.swift in Sources */ = {isa = PBXBuildFile; fileRef = 6D726479276C679B006B7BA6 /* Tests_macOSLaunchTests.swift */; };
		6D72647B276C679B006B7BA6 /* snow_windApp.swift in Sources */ = {isa = PBXBuildFile; fileRef = 6D726453276C6799006B7BA6 /* snow_windApp.swift */; };
		6D72647C276C679B006B7BA6 /* snow_windApp.swift in Sources */ = {isa = PBXBuildFile; fileRef = 6D726453276C6799006B7BA6 /* snow_windApp.swift */; };
		6D72647D276C679B006B7BA6 /* ContentView.swift in Sources */ = {isa = PBXBuildFile; fileRef = 6D726454276C6799006B7BA6 /* ContentView.swift */; };
		6D72647E276C679B006B7BA6 /* ContentView.swift in Sources */ = {isa = PBXBuildFile; fileRef = 6D726454276C6799006B7BA6 /* ContentView.swift */; };
		6D72647F276C679B006B7BA6 /* Assets.xcassets in Resources */ = {isa = PBXBuildFile; fileRef = 6D726455276C679B006B7BA6 /* Assets.xcassets */; };
		6D726480276C679B006B7BA6 /* Assets.xcassets in Resources */ = {isa = PBXBuildFile; fileRef = 6D726455276C679B006B7BA6 /* Assets.xcassets */; };
		6DC6E952276C79B300AE2442 /* LeftColumnView.swift in Sources */ = {isa = PBXBuildFile; fileRef = 6DC6E951276C79B300AE2442 /* LeftColumnView.swift */; };
		6DC6E953276C79B300AE2442 /* LeftColumnView.swift in Sources */ = {isa = PBXBuildFile; fileRef = 6DC6E951276C79B300AE2442 /* LeftColumnView.swift */; };
		6DC6E954276C79B300AE2442 /* LeftColumnView.swift in Sources */ = {isa = PBXBuildFile; fileRef = 6DC6E951276C79B300AE2442 /* LeftColumnView.swift */; };
		6DC6E955276C79B300AE2442 /* LeftColumnView.swift in Sources */ = {isa = PBXBuildFile; fileRef = 6DC6E951276C79B300AE2442 /* LeftColumnView.swift */; };
		6DC6E957276C79F000AE2442 /* RightColumnView.swift in Sources */ = {isa = PBXBuildFile; fileRef = 6DC6E956276C79F000AE2442 /* RightColumnView.swift */; };
		6DC6E958276C79F000AE2442 /* RightColumnView.swift in Sources */ = {isa = PBXBuildFile; fileRef = 6DC6E956276C79F000AE2442 /* RightColumnView.swift */; };
		6DC6E959276C79F000AE2442 /* RightColumnView.swift in Sources */ = {isa = PBXBuildFile; fileRef = 6DC6E956276C79F000AE2442 /* RightColumnView.swift */; };
		6DC6E95A276C79F000AE2442 /* RightColumnView.swift in Sources */ = {isa = PBXBuildFile; fileRef = 6DC6E956276C79F000AE2442 /* RightColumnView.swift */; };
		6DC6E95C276C7A0D00AE2442 /* MiddleColumnView.swift in Sources */ = {isa = PBXBuildFile; fileRef = 6DC6E95B276C7A0D00AE2442 /* MiddleColumnView.swift */; };
		6DC6E95D276C7A0D00AE2442 /* MiddleColumnView.swift in Sources */ = {isa = PBXBuildFile; fileRef = 6DC6E95B276C7A0D00AE2442 /* MiddleColumnView.swift */; };
		6DC6E95E276C7A0D00AE2442 /* MiddleColumnView.swift in Sources */ = {isa = PBXBuildFile; fileRef = 6DC6E95B276C7A0D00AE2442 /* MiddleColumnView.swift */; };
		6DC6E95F276C7A0D00AE2442 /* MiddleColumnView.swift in Sources */ = {isa = PBXBuildFile; fileRef = 6DC6E95B276C7A0D00AE2442 /* MiddleColumnView.swift */; };
/* End PBXBuildFile section */

/* Begin PBXContainerItemProxy section */
		6D726468276C679B006B7BA6 /* PBXContainerItemProxy */ = {
			isa = PBXContainerItemProxy;
			containerPortal = 6D72644E276C6799006B7BA6 /* Project object */;
			proxyType = 1;
			remoteGlobalIDString = 6D726459276C679B006B7BA6;
			remoteInfo = "snow-wind (iOS)";
		};
		6D726474276C679B006B7BA6 /* PBXContainerItemProxy */ = {
			isa = PBXContainerItemProxy;
			containerPortal = 6D72644E276C6799006B7BA6 /* Project object */;
			proxyType = 1;
			remoteGlobalIDString = 6D72645F276C679B006B7BA6;
			remoteInfo = "snow-wind (macOS)";
		};
/* End PBXContainerItemProxy section */

/* Begin PBXFileReference section */
		6D726453276C6799006B7BA6 /* snow_windApp.swift */ = {isa = PBXFileReference; lastKnownFileType = sourcecode.swift; path = snow_windApp.swift; sourceTree = "<group>"; };
		6D726454276C6799006B7BA6 /* ContentView.swift */ = {isa = PBXFileReference; lastKnownFileType = sourcecode.swift; path = ContentView.swift; sourceTree = "<group>"; };
		6D726455276C679B006B7BA6 /* Assets.xcassets */ = {isa = PBXFileReference; lastKnownFileType = folder.assetcatalog; path = Assets.xcassets; sourceTree = "<group>"; };
		6D72645A276C679B006B7BA6 /* snow-wind.app */ = {isa = PBXFileReference; explicitFileType = wrapper.application; includeInIndex = 0; path = "snow-wind.app"; sourceTree = BUILT_PRODUCTS_DIR; };
		6D726460276C679B006B7BA6 /* snow-wind.app */ = {isa = PBXFileReference; explicitFileType = wrapper.application; includeInIndex = 0; path = "snow-wind.app"; sourceTree = BUILT_PRODUCTS_DIR; };
		6D726462276C679B006B7BA6 /* macOS.entitlements */ = {isa = PBXFileReference; lastKnownFileType = text.plist.entitlements; path = macOS.entitlements; sourceTree = "<group>"; };
		6D726467276C679B006B7BA6 /* Tests iOS.xctest */ = {isa = PBXFileReference; explicitFileType = wrapper.cfbundle; includeInIndex = 0; path = "Tests iOS.xctest"; sourceTree = BUILT_PRODUCTS_DIR; };
		6D72646B276C679B006B7BA6 /* Tests_iOS.swift */ = {isa = PBXFileReference; lastKnownFileType = sourcecode.swift; path = Tests_iOS.swift; sourceTree = "<group>"; };
		6D72646D276C679B006B7BA6 /* Tests_iOSLaunchTests.swift */ = {isa = PBXFileReference; lastKnownFileType = sourcecode.swift; path = Tests_iOSLaunchTests.swift; sourceTree = "<group>"; };
		6D726473276C679B006B7BA6 /* Tests macOS.xctest */ = {isa = PBXFileReference; explicitFileType = wrapper.cfbundle; includeInIndex = 0; path = "Tests macOS.xctest"; sourceTree = BUILT_PRODUCTS_DIR; };
		6D726477276C679B006B7BA6 /* Tests_macOS.swift */ = {isa = PBXFileReference; lastKnownFileType = sourcecode.swift; path = Tests_macOS.swift; sourceTree = "<group>"; };
		6D726479276C679B006B7BA6 /* Tests_macOSLaunchTests.swift */ = {isa = PBXFileReference; lastKnownFileType = sourcecode.swift; path = Tests_macOSLaunchTests.swift; sourceTree = "<group>"; };
		6DC6E951276C79B300AE2442 /* LeftColumnView.swift */ = {isa = PBXFileReference; lastKnownFileType = sourcecode.swift; path = LeftColumnView.swift; sourceTree = "<group>"; };
		6DC6E956276C79F000AE2442 /* RightColumnView.swift */ = {isa = PBXFileReference; lastKnownFileType = sourcecode.swift; path = RightColumnView.swift; sourceTree = "<group>"; };
		6DC6E95B276C7A0D00AE2442 /* MiddleColumnView.swift */ = {isa = PBXFileReference; lastKnownFileType = sourcecode.swift; path = MiddleColumnView.swift; sourceTree = "<group>"; };
/* End PBXFileReference section */

/* Begin PBXFrameworksBuildPhase section */
		6D726457276C679B006B7BA6 /* Frameworks */ = {
			isa = PBXFrameworksBuildPhase;
			buildActionMask = 2147483647;
			files = (
			);
			runOnlyForDeploymentPostprocessing = 0;
		};
		6D72645D276C679B006B7BA6 /* Frameworks */ = {
			isa = PBXFrameworksBuildPhase;
			buildActionMask = 2147483647;
			files = (
			);
			runOnlyForDeploymentPostprocessing = 0;
		};
		6D726464276C679B006B7BA6 /* Frameworks */ = {
			isa = PBXFrameworksBuildPhase;
			buildActionMask = 2147483647;
			files = (
			);
			runOnlyForDeploymentPostprocessing = 0;
		};
		6D726470276C679B006B7BA6 /* Frameworks */ = {
			isa = PBXFrameworksBuildPhase;
			buildActionMask = 2147483647;
			files = (
			);
			runOnlyForDeploymentPostprocessing = 0;
		};
/* End PBXFrameworksBuildPhase section */

/* Begin PBXGroup section */
		6D72644D276C6799006B7BA6 = {
			isa = PBXGroup;
			children = (
				6D726452276C6799006B7BA6 /* Shared */,
				6D726461276C679B006B7BA6 /* macOS */,
				6D72646A276C679B006B7BA6 /* Tests iOS */,
				6D726476276C679B006B7BA6 /* Tests macOS */,
				6D72645B276C679B006B7BA6 /* Products */,
			);
			sourceTree = "<group>";
		};
		6D726452276C6799006B7BA6 /* Shared */ = {
			isa = PBXGroup;
			children = (
				6DC6E950276C794700AE2442 /* 右侧栏 */,
				6DC6E94F276C793E00AE2442 /* 中间栏 */,
				6DC6E949276C780200AE2442 /* 左侧栏 */,
				6D726453276C6799006B7BA6 /* snow_windApp.swift */,
				6D726454276C6799006B7BA6 /* ContentView.swift */,
				6D726455276C679B006B7BA6 /* Assets.xcassets */,
			);
			path = Shared;
			sourceTree = "<group>";
		};
		6D72645B276C679B006B7BA6 /* Products */ = {
			isa = PBXGroup;
			children = (
				6D72645A276C679B006B7BA6 /* snow-wind.app */,
				6D726460276C679B006B7BA6 /* snow-wind.app */,
				6D726467276C679B006B7BA6 /* Tests iOS.xctest */,
				6D726473276C679B006B7BA6 /* Tests macOS.xctest */,
			);
			name = Products;
			sourceTree = "<group>";
		};
		6D726461276C679B006B7BA6 /* macOS */ = {
			isa = PBXGroup;
			children = (
				6D726462276C679B006B7BA6 /* macOS.entitlements */,
			);
			path = macOS;
			sourceTree = "<group>";
		};
		6D72646A276C679B006B7BA6 /* Tests iOS */ = {
			isa = PBXGroup;
			children = (
				6D72646B276C679B006B7BA6 /* Tests_iOS.swift */,
				6D72646D276C679B006B7BA6 /* Tests_iOSLaunchTests.swift */,
			);
			path = "Tests iOS";
			sourceTree = "<group>";
		};
		6D726476276C679B006B7BA6 /* Tests macOS */ = {
			isa = PBXGroup;
			children = (
				6D726477276C679B006B7BA6 /* Tests_macOS.swift */,
				6D726479276C679B006B7BA6 /* Tests_macOSLaunchTests.swift */,
			);
			path = "Tests macOS";
			sourceTree = "<group>";
		};
		6DC6E949276C780200AE2442 /* 左侧栏 */ = {
			isa = PBXGroup;
			children = (
				6DC6E960276C877400AE2442 /* New Group */,
				6DC6E951276C79B300AE2442 /* LeftColumnView.swift */,
			);
			path = "左侧栏";
			sourceTree = "<group>";
		};
		6DC6E94F276C793E00AE2442 /* 中间栏 */ = {
			isa = PBXGroup;
			children = (
				6DC6E95B276C7A0D00AE2442 /* MiddleColumnView.swift */,
			);
			path = "中间栏";
			sourceTree = "<group>";
		};
		6DC6E950276C794700AE2442 /* 右侧栏 */ = {
			isa = PBXGroup;
			children = (
				6DC6E956276C79F000AE2442 /* RightColumnView.swift */,
			);
			path = "右侧栏";
			sourceTree = "<group>";
		};
		6DC6E960276C877400AE2442 /* New Group */ = {
			isa = PBXGroup;
			children = (
			);
			path = "New Group";
			sourceTree = "<group>";
		};
/* End PBXGroup section */

/* Begin PBXNativeTarget section */
		6D726459276C679B006B7BA6 /* snow-wind (iOS) */ = {
			isa = PBXNativeTarget;
			buildConfigurationList = 6D726483276C679B006B7BA6 /* Build configuration list for PBXNativeTarget "snow-wind (iOS)" */;
			buildPhases = (
				6D726456276C679B006B7BA6 /* Sources */,
				6D726457276C679B006B7BA6 /* Frameworks */,
				6D726458276C679B006B7BA6 /* Resources */,
			);
			buildRules = (
			);
			dependencies = (
			);
			name = "snow-wind (iOS)";
			productName = "snow-wind (iOS)";
			productReference = 6D72645A276C679B006B7BA6 /* snow-wind.app */;
			productType = "com.apple.product-type.application";
		};
		6D72645F276C679B006B7BA6 /* snow-wind (macOS) */ = {
			isa = PBXNativeTarget;
			buildConfigurationList = 6D726486276C679B006B7BA6 /* Build configuration list for PBXNativeTarget "snow-wind (macOS)" */;
			buildPhases = (
				6D72645C276C679B006B7BA6 /* Sources */,
				6D72645D276C679B006B7BA6 /* Frameworks */,
				6D72645E276C679B006B7BA6 /* Resources */,
			);
			buildRules = (
			);
			dependencies = (
			);
			name = "snow-wind (macOS)";
			productName = "snow-wind (macOS)";
			productReference = 6D726460276C679B006B7BA6 /* snow-wind.app */;
			productType = "com.apple.product-type.application";
		};
		6D726466276C679B006B7BA6 /* Tests iOS */ = {
			isa = PBXNativeTarget;
			buildConfigurationList = 6D726489276C679B006B7BA6 /* Build configuration list for PBXNativeTarget "Tests iOS" */;
			buildPhases = (
				6D726463276C679B006B7BA6 /* Sources */,
				6D726464276C679B006B7BA6 /* Frameworks */,
				6D726465276C679B006B7BA6 /* Resources */,
			);
			buildRules = (
			);
			dependencies = (
				6D726469276C679B006B7BA6 /* PBXTargetDependency */,
			);
			name = "Tests iOS";
			productName = "Tests iOS";
			productReference = 6D726467276C679B006B7BA6 /* Tests iOS.xctest */;
			productType = "com.apple.product-type.bundle.ui-testing";
		};
		6D726472276C679B006B7BA6 /* Tests macOS */ = {
			isa = PBXNativeTarget;
			buildConfigurationList = 6D72648C276C679B006B7BA6 /* Build configuration list for PBXNativeTarget "Tests macOS" */;
			buildPhases = (
				6D72646F276C679B006B7BA6 /* Sources */,
				6D726470276C679B006B7BA6 /* Frameworks */,
				6D726471276C679B006B7BA6 /* Resources */,
			);
			buildRules = (
			);
			dependencies = (
				6D726475276C679B006B7BA6 /* PBXTargetDependency */,
			);
			name = "Tests macOS";
			productName = "Tests macOS";
			productReference = 6D726473276C679B006B7BA6 /* Tests macOS.xctest */;
			productType = "com.apple.product-type.bundle.ui-testing";
		};
/* End PBXNativeTarget section */

/* Begin PBXProject section */
		6D72644E276C6799006B7BA6 /* Project object */ = {
			isa = PBXProject;
			attributes = {
				BuildIndependentTargetsInParallel = 1;
				LastSwiftUpdateCheck = 1320;
				LastUpgradeCheck = 1320;
				TargetAttributes = {
					6D726459276C679B006B7BA6 = {
						CreatedOnToolsVersion = 13.2;
					};
					6D72645F276C679B006B7BA6 = {
						CreatedOnToolsVersion = 13.2;
					};
					6D726466276C679B006B7BA6 = {
						CreatedOnToolsVersion = 13.2;
						TestTargetID = 6D726459276C679B006B7BA6;
					};
					6D726472276C679B006B7BA6 = {
						CreatedOnToolsVersion = 13.2;
						TestTargetID = 6D72645F276C679B006B7BA6;
					};
				};
			};
			buildConfigurationList = 6D726451276C6799006B7BA6 /* Build configuration list for PBXProject "snow-wind" */;
			compatibilityVersion = "Xcode 13.0";
			developmentRegion = en;
			hasScannedForEncodings = 0;
			knownRegions = (
				en,
				Base,
			);
			mainGroup = 6D72644D276C6799006B7BA6;
			productRefGroup = 6D72645B276C679B006B7BA6 /* Products */;
			projectDirPath = "";
			projectRoot = "";
			targets = (
				6D726459276C679B006B7BA6 /* snow-wind (iOS) */,
				6D72645F276C679B006B7BA6 /* snow-wind (macOS) */,
				6D726466276C679B006B7BA6 /* Tests iOS */,
				6D726472276C679B006B7BA6 /* Tests macOS */,
			);
		};
/* End PBXProject section */

/* Begin PBXResourcesBuildPhase section */
		6D726458276C679B006B7BA6 /* Resources */ = {
			isa = PBXResourcesBuildPhase;
			buildActionMask = 2147483647;
			files = (
				6D72647F276C679B006B7BA6 /* Assets.xcassets in Resources */,
			);
			runOnlyForDeploymentPostprocessing = 0;
		};
		6D72645E276C679B006B7BA6 /* Resources */ = {
			isa = PBXResourcesBuildPhase;
			buildActionMask = 2147483647;
			files = (
				6D726480276C679B006B7BA6 /* Assets.xcassets in Resources */,
			);
			runOnlyForDeploymentPostprocessing = 0;
		};
		6D726465276C679B006B7BA6 /* Resources */ = {
			isa = PBXResourcesBuildPhase;
			buildActionMask = 2147483647;
			files = (
			);
			runOnlyForDeploymentPostprocessing = 0;
		};
		6D726471276C679B006B7BA6 /* Resources */ = {
			isa = PBXResourcesBuildPhase;
			buildActionMask = 2147483647;
			files = (
			);
			runOnlyForDeploymentPostprocessing = 0;
		};
/* End PBXResourcesBuildPhase section */

/* Begin PBXSourcesBuildPhase section */
		6D726456276C679B006B7BA6 /* Sources */ = {
			isa = PBXSourcesBuildPhase;
			buildActionMask = 2147483647;
			files = (
				6D72647D276C679B006B7BA6 /* ContentView.swift in Sources */,
				6D72647B276C679B006B7BA6 /* snow_windApp.swift in Sources */,
				6DC6E95C276C7A0D00AE2442 /* MiddleColumnView.swift in Sources */,
				6DC6E952276C79B300AE2442 /* LeftColumnView.swift in Sources */,
				6DC6E957276C79F000AE2442 /* RightColumnView.swift in Sources */,
			);
			runOnlyForDeploymentPostprocessing = 0;
		};
		6D72645C276C679B006B7BA6 /* Sources */ = {
			isa = PBXSourcesBuildPhase;
			buildActionMask = 2147483647;
			files = (
				6D72647E276C679B006B7BA6 /* ContentView.swift in Sources */,
				6D72647C276C679B006B7BA6 /* snow_windApp.swift in Sources */,
				6DC6E95D276C7A0D00AE2442 /* MiddleColumnView.swift in Sources */,
				6DC6E953276C79B300AE2442 /* LeftColumnView.swift in Sources */,
				6DC6E958276C79F000AE2442 /* RightColumnView.swift in Sources */,
			);
			runOnlyForDeploymentPostprocessing = 0;
		};
		6D726463276C679B006B7BA6 /* Sources */ = {
			isa = PBXSourcesBuildPhase;
			buildActionMask = 2147483647;
			files = (
				6D72646E276C679B006B7BA6 /* Tests_iOSLaunchTests.swift in Sources */,
				6D72646C276C679B006B7BA6 /* Tests_iOS.swift in Sources */,
				6DC6E95E276C7A0D00AE2442 /* MiddleColumnView.swift in Sources */,
				6DC6E954276C79B300AE2442 /* LeftColumnView.swift in Sources */,
				6DC6E959276C79F000AE2442 /* RightColumnView.swift in Sources */,
			);
			runOnlyForDeploymentPostprocessing = 0;
		};
		6D72646F276C679B006B7BA6 /* Sources */ = {
			isa = PBXSourcesBuildPhase;
			buildActionMask = 2147483647;
			files = (
				6D72647A276C679B006B7BA6 /* Tests_macOSLaunchTests.swift in Sources */,
				6D726478276C679B006B7BA6 /* Tests_macOS.swift in Sources */,
				6DC6E95F276C7A0D00AE2442 /* MiddleColumnView.swift in Sources */,
				6DC6E955276C79B300AE2442 /* LeftColumnView.swift in Sources */,
				6DC6E95A276C79F000AE2442 /* RightColumnView.swift in Sources */,
			);
			runOnlyForDeploymentPostprocessing = 0;
		};
/* End PBXSourcesBuildPhase section */

/* Begin PBXTargetDependency section */
		6D726469276C679B006B7BA6 /* PBXTargetDependency */ = {
			isa = PBXTargetDependency;
			target = 6D726459276C679B006B7BA6 /* snow-wind (iOS) */;
			targetProxy = 6D726468276C679B006B7BA6 /* PBXContainerItemProxy */;
		};
		6D726475276C679B006B7BA6 /* PBXTargetDependency */ = {
			isa = PBXTargetDependency;
			target = 6D72645F276C679B006B7BA6 /* snow-wind (macOS) */;
			targetProxy = 6D726474276C679B006B7BA6 /* PBXContainerItemProxy */;
		};
/* End PBXTargetDependency section */

/* Begin XCBuildConfiguration section */
		6D726481276C679B006B7BA6 /* Debug */ = {
			isa = XCBuildConfiguration;
			buildSettings = {
				ALWAYS_SEARCH_USER_PATHS = NO;
				CLANG_ANALYZER_NONNULL = YES;
				CLANG_ANALYZER_NUMBER_OBJECT_CONVERSION = YES_AGGRESSIVE;
				CLANG_CXX_LANGUAGE_STANDARD = "gnu++17";
				CLANG_CXX_LIBRARY = "libc++";
				CLANG_ENABLE_MODULES = YES;
				CLANG_ENABLE_OBJC_ARC = YES;
				CLANG_ENABLE_OBJC_WEAK = YES;
				CLANG_WARN_BLOCK_CAPTURE_AUTORELEASING = YES;
				CLANG_WARN_BOOL_CONVERSION = YES;
				CLANG_WARN_COMMA = YES;
				CLANG_WARN_CONSTANT_CONVERSION = YES;
				CLANG_WARN_DEPRECATED_OBJC_IMPLEMENTATIONS = YES;
				CLANG_WARN_DIRECT_OBJC_ISA_USAGE = YES_ERROR;
				CLANG_WARN_DOCUMENTATION_COMMENTS = YES;
				CLANG_WARN_EMPTY_BODY = YES;
				CLANG_WARN_ENUM_CONVERSION = YES;
				CLANG_WARN_INFINITE_RECURSION = YES;
				CLANG_WARN_INT_CONVERSION = YES;
				CLANG_WARN_NON_LITERAL_NULL_CONVERSION = YES;
				CLANG_WARN_OBJC_IMPLICIT_RETAIN_SELF = YES;
				CLANG_WARN_OBJC_LITERAL_CONVERSION = YES;
				CLANG_WARN_OBJC_ROOT_CLASS = YES_ERROR;
				CLANG_WARN_QUOTED_INCLUDE_IN_FRAMEWORK_HEADER = YES;
				CLANG_WARN_RANGE_LOOP_ANALYSIS = YES;
				CLANG_WARN_STRICT_PROTOTYPES = YES;
				CLANG_WARN_SUSPICIOUS_MOVE = YES;
				CLANG_WARN_UNGUARDED_AVAILABILITY = YES_AGGRESSIVE;
				CLANG_WARN_UNREACHABLE_CODE = YES;
				CLANG_WARN__DUPLICATE_METHOD_MATCH = YES;
				COPY_PHASE_STRIP = NO;
				DEBUG_INFORMATION_FORMAT = dwarf;
				ENABLE_STRICT_OBJC_MSGSEND = YES;
				ENABLE_TESTABILITY = YES;
				GCC_C_LANGUAGE_STANDARD = gnu11;
				GCC_DYNAMIC_NO_PIC = NO;
				GCC_NO_COMMON_BLOCKS = YES;
				GCC_OPTIMIZATION_LEVEL = 0;
				GCC_PREPROCESSOR_DEFINITIONS = (
					"DEBUG=1",
					"$(inherited)",
				);
				GCC_WARN_64_TO_32_BIT_CONVERSION = YES;
				GCC_WARN_ABOUT_RETURN_TYPE = YES_ERROR;
				GCC_WARN_UNDECLARED_SELECTOR = YES;
				GCC_WARN_UNINITIALIZED_AUTOS = YES_AGGRESSIVE;
				GCC_WARN_UNUSED_FUNCTION = YES;
				GCC_WARN_UNUSED_VARIABLE = YES;
				MTL_ENABLE_DEBUG_INFO = INCLUDE_SOURCE;
				MTL_FAST_MATH = YES;
				ONLY_ACTIVE_ARCH = YES;
				SWIFT_ACTIVE_COMPILATION_CONDITIONS = DEBUG;
				SWIFT_OPTIMIZATION_LEVEL = "-Onone";
			};
			name = Debug;
		};
		6D726482276C679B006B7BA6 /* Release */ = {
			isa = XCBuildConfiguration;
			buildSettings = {
				ALWAYS_SEARCH_USER_PATHS = NO;
				CLANG_ANALYZER_NONNULL = YES;
				CLANG_ANALYZER_NUMBER_OBJECT_CONVERSION = YES_AGGRESSIVE;
				CLANG_CXX_LANGUAGE_STANDARD = "gnu++17";
				CLANG_CXX_LIBRARY = "libc++";
				CLANG_ENABLE_MODULES = YES;
				CLANG_ENABLE_OBJC_ARC = YES;
				CLANG_ENABLE_OBJC_WEAK = YES;
				CLANG_WARN_BLOCK_CAPTURE_AUTORELEASING = YES;
				CLANG_WARN_BOOL_CONVERSION = YES;
				CLANG_WARN_COMMA = YES;
				CLANG_WARN_CONSTANT_CONVERSION = YES;
				CLANG_WARN_DEPRECATED_OBJC_IMPLEMENTATIONS = YES;
				CLANG_WARN_DIRECT_OBJC_ISA_USAGE = YES_ERROR;
				CLANG_WARN_DOCUMENTATION_COMMENTS = YES;
				CLANG_WARN_EMPTY_BODY = YES;
				CLANG_WARN_ENUM_CONVERSION = YES;
				CLANG_WARN_INFINITE_RECURSION = YES;
				CLANG_WARN_INT_CONVERSION = YES;
				CLANG_WARN_NON_LITERAL_NULL_CONVERSION = YES;
				CLANG_WARN_OBJC_IMPLICIT_RETAIN_SELF = YES;
				CLANG_WARN_OBJC_LITERAL_CONVERSION = YES;
				CLANG_WARN_OBJC_ROOT_CLASS = YES_ERROR;
				CLANG_WARN_QUOTED_INCLUDE_IN_FRAMEWORK_HEADER = YES;
				CLANG_WARN_RANGE_LOOP_ANALYSIS = YES;
				CLANG_WARN_STRICT_PROTOTYPES = YES;
				CLANG_WARN_SUSPICIOUS_MOVE = YES;
				CLANG_WARN_UNGUARDED_AVAILABILITY = YES_AGGRESSIVE;
				CLANG_WARN_UNREACHABLE_CODE = YES;
				CLANG_WARN__DUPLICATE_METHOD_MATCH = YES;
				COPY_PHASE_STRIP = NO;
				DEBUG_INFORMATION_FORMAT = "dwarf-with-dsym";
				ENABLE_NS_ASSERTIONS = NO;
				ENABLE_STRICT_OBJC_MSGSEND = YES;
				GCC_C_LANGUAGE_STANDARD = gnu11;
				GCC_NO_COMMON_BLOCKS = YES;
				GCC_WARN_64_TO_32_BIT_CONVERSION = YES;
				GCC_WARN_ABOUT_RETURN_TYPE = YES_ERROR;
				GCC_WARN_UNDECLARED_SELECTOR = YES;
				GCC_WARN_UNINITIALIZED_AUTOS = YES_AGGRESSIVE;
				GCC_WARN_UNUSED_FUNCTION = YES;
				GCC_WARN_UNUSED_VARIABLE = YES;
				MTL_ENABLE_DEBUG_INFO = NO;
				MTL_FAST_MATH = YES;
				SWIFT_COMPILATION_MODE = wholemodule;
				SWIFT_OPTIMIZATION_LEVEL = "-O";
			};
			name = Release;
		};
		6D726484276C679B006B7BA6 /* Debug */ = {
			isa = XCBuildConfiguration;
			buildSettings = {
				ASSETCATALOG_COMPILER_APPICON_NAME = AppIcon;
				ASSETCATALOG_COMPILER_GLOBAL_ACCENT_COLOR_NAME = AccentColor;
				CODE_SIGN_STYLE = Automatic;
				CURRENT_PROJECT_VERSION = 1;
				ENABLE_PREVIEWS = YES;
				GENERATE_INFOPLIST_FILE = YES;
				INFOPLIST_KEY_UIApplicationSceneManifest_Generation = YES;
				INFOPLIST_KEY_UIApplicationSupportsIndirectInputEvents = YES;
				INFOPLIST_KEY_UILaunchScreen_Generation = YES;
				INFOPLIST_KEY_UISupportedInterfaceOrientations_iPad = "UIInterfaceOrientationPortrait UIInterfaceOrientationPortraitUpsideDown UIInterfaceOrientationLandscapeLeft UIInterfaceOrientationLandscapeRight";
				INFOPLIST_KEY_UISupportedInterfaceOrientations_iPhone = "UIInterfaceOrientationPortrait UIInterfaceOrientationLandscapeLeft UIInterfaceOrientationLandscapeRight";
				IPHONEOS_DEPLOYMENT_TARGET = 15.2;
				LD_RUNPATH_SEARCH_PATHS = (
					"$(inherited)",
					"@executable_path/Frameworks",
				);
				MARKETING_VERSION = 1.0;
				PRODUCT_BUNDLE_IDENTIFIER = "ladyishenlong.snow-wind";
				PRODUCT_NAME = "snow-wind";
				SDKROOT = iphoneos;
				SWIFT_EMIT_LOC_STRINGS = YES;
				SWIFT_VERSION = 5.0;
				TARGETED_DEVICE_FAMILY = "1,2";
			};
			name = Debug;
		};
		6D726485276C679B006B7BA6 /* Release */ = {
			isa = XCBuildConfiguration;
			buildSettings = {
				ASSETCATALOG_COMPILER_APPICON_NAME = AppIcon;
				ASSETCATALOG_COMPILER_GLOBAL_ACCENT_COLOR_NAME = AccentColor;
				CODE_SIGN_STYLE = Automatic;
				CURRENT_PROJECT_VERSION = 1;
				ENABLE_PREVIEWS = YES;
				GENERATE_INFOPLIST_FILE = YES;
				INFOPLIST_KEY_UIApplicationSceneManifest_Generation = YES;
				INFOPLIST_KEY_UIApplicationSupportsIndirectInputEvents = YES;
				INFOPLIST_KEY_UILaunchScreen_Generation = YES;
				INFOPLIST_KEY_UISupportedInterfaceOrientations_iPad = "UIInterfaceOrientationPortrait UIInterfaceOrientationPortraitUpsideDown UIInterfaceOrientationLandscapeLeft UIInterfaceOrientationLandscapeRight";
				INFOPLIST_KEY_UISupportedInterfaceOrientations_iPhone = "UIInterfaceOrientationPortrait UIInterfaceOrientationLandscapeLeft UIInterfaceOrientationLandscapeRight";
				IPHONEOS_DEPLOYMENT_TARGET = 15.2;
				LD_RUNPATH_SEARCH_PATHS = (
					"$(inherited)",
					"@executable_path/Frameworks",
				);
				MARKETING_VERSION = 1.0;
				PRODUCT_BUNDLE_IDENTIFIER = "ladyishenlong.snow-wind";
				PRODUCT_NAME = "snow-wind";
				SDKROOT = iphoneos;
				SWIFT_EMIT_LOC_STRINGS = YES;
				SWIFT_VERSION = 5.0;
				TARGETED_DEVICE_FAMILY = "1,2";
				VALIDATE_PRODUCT = YES;
			};
			name = Release;
		};
		6D726487276C679B006B7BA6 /* Debug */ = {
			isa = XCBuildConfiguration;
			buildSettings = {
				ASSETCATALOG_COMPILER_APPICON_NAME = AppIcon;
				ASSETCATALOG_COMPILER_GLOBAL_ACCENT_COLOR_NAME = AccentColor;
				CODE_SIGN_ENTITLEMENTS = macOS/macOS.entitlements;
				CODE_SIGN_STYLE = Automatic;
				COMBINE_HIDPI_IMAGES = YES;
				CURRENT_PROJECT_VERSION = 1;
				ENABLE_PREVIEWS = YES;
				GENERATE_INFOPLIST_FILE = YES;
				INFOPLIST_KEY_NSHumanReadableCopyright = "";
				LD_RUNPATH_SEARCH_PATHS = (
					"$(inherited)",
					"@executable_path/../Frameworks",
				);
				MACOSX_DEPLOYMENT_TARGET = 12.0;
				MARKETING_VERSION = 1.0;
				PRODUCT_BUNDLE_IDENTIFIER = "ladyishenlong.snow-wind";
				PRODUCT_NAME = "snow-wind";
				SDKROOT = macosx;
				SWIFT_EMIT_LOC_STRINGS = YES;
				SWIFT_VERSION = 5.0;
			};
			name = Debug;
		};
		6D726488276C679B006B7BA6 /* Release */ = {
			isa = XCBuildConfiguration;
			buildSettings = {
				ASSETCATALOG_COMPILER_APPICON_NAME = AppIcon;
				ASSETCATALOG_COMPILER_GLOBAL_ACCENT_COLOR_NAME = AccentColor;
				CODE_SIGN_ENTITLEMENTS = macOS/macOS.entitlements;
				CODE_SIGN_STYLE = Automatic;
				COMBINE_HIDPI_IMAGES = YES;
				CURRENT_PROJECT_VERSION = 1;
				ENABLE_PREVIEWS = YES;
				GENERATE_INFOPLIST_FILE = YES;
				INFOPLIST_KEY_NSHumanReadableCopyright = "";
				LD_RUNPATH_SEARCH_PATHS = (
					"$(inherited)",
					"@executable_path/../Frameworks",
				);
				MACOSX_DEPLOYMENT_TARGET = 12.0;
				MARKETING_VERSION = 1.0;
				PRODUCT_BUNDLE_IDENTIFIER = "ladyishenlong.snow-wind";
				PRODUCT_NAME = "snow-wind";
				SDKROOT = macosx;
				SWIFT_EMIT_LOC_STRINGS = YES;
				SWIFT_VERSION = 5.0;
			};
			name = Release;
		};
		6D72648A276C679B006B7BA6 /* Debug */ = {
			isa = XCBuildConfiguration;
			buildSettings = {
				ALWAYS_EMBED_SWIFT_STANDARD_LIBRARIES = YES;
				CODE_SIGN_STYLE = Automatic;
				CURRENT_PROJECT_VERSION = 1;
				GENERATE_INFOPLIST_FILE = YES;
				IPHONEOS_DEPLOYMENT_TARGET = 15.2;
				MARKETING_VERSION = 1.0;
				PRODUCT_BUNDLE_IDENTIFIER = "ladyishenlong.Tests-iOS";
				PRODUCT_NAME = "$(TARGET_NAME)";
				SDKROOT = iphoneos;
				SWIFT_EMIT_LOC_STRINGS = NO;
				SWIFT_VERSION = 5.0;
				TARGETED_DEVICE_FAMILY = "1,2";
				TEST_TARGET_NAME = "snow-wind (iOS)";
			};
			name = Debug;
		};
		6D72648B276C679B006B7BA6 /* Release */ = {
			isa = XCBuildConfiguration;
			buildSettings = {
				ALWAYS_EMBED_SWIFT_STANDARD_LIBRARIES = YES;
				CODE_SIGN_STYLE = Automatic;
				CURRENT_PROJECT_VERSION = 1;
				GENERATE_INFOPLIST_FILE = YES;
				IPHONEOS_DEPLOYMENT_TARGET = 15.2;
				MARKETING_VERSION = 1.0;
				PRODUCT_BUNDLE_IDENTIFIER = "ladyishenlong.Tests-iOS";
				PRODUCT_NAME = "$(TARGET_NAME)";
				SDKROOT = iphoneos;
				SWIFT_EMIT_LOC_STRINGS = NO;
				SWIFT_VERSION = 5.0;
				TARGETED_DEVICE_FAMILY = "1,2";
				TEST_TARGET_NAME = "snow-wind (iOS)";
				VALIDATE_PRODUCT = YES;
			};
			name = Release;
		};
		6D72648D276C679B006B7BA6 /* Debug */ = {
			isa = XCBuildConfiguration;
			buildSettings = {
				ALWAYS_EMBED_SWIFT_STANDARD_LIBRARIES = YES;
				CODE_SIGN_STYLE = Automatic;
				CURRENT_PROJECT_VERSION = 1;
				GENERATE_INFOPLIST_FILE = YES;
				MACOSX_DEPLOYMENT_TARGET = 12.0;
				MARKETING_VERSION = 1.0;
				PRODUCT_BUNDLE_IDENTIFIER = "ladyishenlong.Tests-macOS";
				PRODUCT_NAME = "$(TARGET_NAME)";
				SDKROOT = macosx;
				SWIFT_EMIT_LOC_STRINGS = NO;
				SWIFT_VERSION = 5.0;
				TEST_TARGET_NAME = "snow-wind (macOS)";
			};
			name = Debug;
		};
		6D72648E276C679B006B7BA6 /* Release */ = {
			isa = XCBuildConfiguration;
			buildSettings = {
				ALWAYS_EMBED_SWIFT_STANDARD_LIBRARIES = YES;
				CODE_SIGN_STYLE = Automatic;
				CURRENT_PROJECT_VERSION = 1;
				GENERATE_INFOPLIST_FILE = YES;
				MACOSX_DEPLOYMENT_TARGET = 12.0;
				MARKETING_VERSION = 1.0;
				PRODUCT_BUNDLE_IDENTIFIER = "ladyishenlong.Tests-macOS";
				PRODUCT_NAME = "$(TARGET_NAME)";
				SDKROOT = macosx;
				SWIFT_EMIT_LOC_STRINGS = NO;
				SWIFT_VERSION = 5.0;
				TEST_TARGET_NAME = "snow-wind (macOS)";
			};
			name = Release;
		};
/* End XCBuildConfiguration section */

/* Begin XCConfigurationList section */
		6D726451276C6799006B7BA6 /* Build configuration list for PBXProject "snow-wind" */ = {
			isa = XCConfigurationList;
			buildConfigurations = (
				6D726481276C679B006B7BA6 /* Debug */,
				6D726482276C679B006B7BA6 /* Release */,
			);
			defaultConfigurationIsVisible = 0;
			defaultConfigurationName = Release;
		};
		6D726483276C679B006B7BA6 /* Build configuration list for PBXNativeTarget "snow-wind (iOS)" */ = {
			isa = XCConfigurationList;
			buildConfigurations = (
				6D726484276C679B006B7BA6 /* Debug */,
				6D726485276C679B006B7BA6 /* Release */,
			);
			defaultConfigurationIsVisible = 0;
			defaultConfigurationName = Release;
		};
		6D726486276C679B006B7BA6 /* Build configuration list for PBXNativeTarget "snow-wind (macOS)" */ = {
			isa = XCConfigurationList;
			buildConfigurations = (
				6D726487276C679B006B7BA6 /* Debug */,
				6D726488276C679B006B7BA6 /* Release */,
			);
			defaultConfigurationIsVisible = 0;
			defaultConfigurationName = Release;
		};
		6D726489276C679B006B7BA6 /* Build configuration list for PBXNativeTarget "Tests iOS" */ = {
			isa = XCConfigurationList;
			buildConfigurations = (
				6D72648A276C679B006B7BA6 /* Debug */,
				6D72648B276C679B006B7BA6 /* Release */,
			);
			defaultConfigurationIsVisible = 0;
			defaultConfigurationName = Release;
		};
		6D72648C276C679B006B7BA6 /* Build configuration list for PBXNativeTarget "Tests macOS" */ = {
			isa = XCConfigurationList;
			buildConfigurations = (
				6D72648D276C679B006B7BA6 /* Debug */,
				6D72648E276C679B006B7BA6 /* Release */,
			);
			defaultConfigurationIsVisible = 0;
			defaultConfigurationName = Release;
		};
/* End XCConfigurationList section */
	};
	rootObject = 6D72644E276C6799006B7BA6 /* Project object */;
}
